# THIS IS AN AUTOGENERATED FILE. DO NOT EDIT THIS FILE DIRECTLY.
# yarn lockfile v1


graphql-ts-client-api@^3.0.7:
  version "3.0.7"
  resolved "https://registry.yarnpkg.com/graphql-ts-client-api/-/graphql-ts-client-api-3.0.7.tgz#c8ec79ad92b30c8a3ea925fa0c086c537630c5bb"
  integrity sha512-e6gPfyBht++leVEFEoZjbEhri4zUcdXdejZKsUajdZ/y5eOY1eTnj2fp1KL/AE5OyurYhC3jAouIbboeqCCAFA==
  dependencies:
    ts-md5 "^1.2.9"

ts-md5@^1.2.9:
  version "1.2.9"
  resolved "https://registry.yarnpkg.com/ts-md5/-/ts-md5-1.2.9.tgz#22c9fd2baafdfdebee1068ff4d2dc215ff51df77"
  integrity sha512-/Efr7ZfGf8P+d9HXh0PLQD1CDipqD8j9apCFG96pODDoEaFLxXpV4En6tAc6y3fWyfhFGrqtNBRBS+eLVIB2uQ==
